
Microsoft Visual Studio Solution File, Format Version 12.00
# Visual Studio Version 16
VisualStudioVersion = 16.0.31911.196
MinimumVisualStudioVersion = 10.0.40219.1
Project("{888888A0-9F3D-457C-B088-3A5042F75D52}") = "Currency Converter", "Currency Converter\Currency Converter.pyproj", "{3F6B5E9E-5D7B-4624-82CC-4939A627B7A0}"
EndProject
Global
	GlobalSection(SolutionConfigurationPlatforms) = preSolution
		Debug|Any CPU = Debug|Any CPU
		Release|Any CPU = Release|Any CPU
	EndGlobalSection
	GlobalSection(ProjectConfigurationPlatforms) = postSolution
		{3F6B5E9E-5D7B-4624-82CC-4939A627B7A0}.Debug|Any CPU.ActiveCfg = Debug|Any CPU
		{3F6B5E9E-5D7B-4624-82CC-4939A627B7A0}.Release|Any CPU.ActiveCfg = Release|Any CPU
	EndGlobalSection
	GlobalSection(SolutionProperties) = preSolution
		HideSolutionNode = FALSE
	EndGlobalSection
	GlobalSection(ExtensibilityGlobals) = postSolution
		SolutionGuid = {D5D66E93-3B66-4F23-9D6A-FD323FF54B4D}
	EndGlobalSection
EndGlobal
